
Microsoft Visual Studio Solution File, Format Version 12.00
# Visual Studio Version 17
VisualStudioVersion = 17.11.35327.3
MinimumVisualStudioVersion = 10.0.40219.1
Project("{FAE04EC0-301F-11D3-BF4B-00C04F79EFBC}") = "QuLoader", "QuLoader\QuLoader.csproj", "{19FF7F30-194C-497A-AB79-E0FFC7871957}"
EndProject
Global
	GlobalSection(SolutionConfigurationPlatforms) = preSolution
		Debug|Any CPU = Debug|Any CPU
		Release|Any CPU = Release|Any CPU
	EndGlobalSection
	GlobalSection(ProjectConfigurationPlatforms) = postSolution
		{19FF7F30-194C-497A-AB79-E0FFC7871957}.Debug|Any CPU.ActiveCfg = Debug|Any CPU
		{19FF7F30-194C-497A-AB79-E0FFC7871957}.Debug|Any CPU.Build.0 = Debug|Any CPU
		{19FF7F30-194C-497A-AB79-E0FFC7871957}.Release|Any CPU.ActiveCfg = Release|Any CPU
		{19FF7F30-194C-497A-AB79-E0FFC7871957}.Release|Any CPU.Build.0 = Release|Any CPU
	EndGlobalSection
	GlobalSection(SolutionProperties) = preSolution
		HideSolutionNode = FALSE
	EndGlobalSection
	GlobalSection(ExtensibilityGlobals) = postSolution
		SolutionGuid = {084F9668-577E-4911-B09B-0D7574C8D166}
	EndGlobalSection
EndGlobal
